
Microsoft Visual Studio Solution File, Format Version 12.00
# Visual Studio 14
VisualStudioVersion = 14.0.23107.0
MinimumVisualStudioVersion = 10.0.40219.1
Project("{FAE04EC0-301F-11D3-BF4B-00C04F79EFBC}") = "Web", "Web\Web.csproj", "{04BE8F49-6CFC-4C67-B7B8-46C140182753}"
EndProject
Project("{FAE04EC0-301F-11D3-BF4B-00C04F79EFBC}") = "Data", "Data\Data.csproj", "{F717B420-547E-4369-8969-1E5FA3D09067}"
EndProject
Project("{FAE04EC0-301F-11D3-BF4B-00C04F79EFBC}") = "RawImport", "RawImport\RawImport.csproj", "{1BB404DE-2272-42F1-A71C-9244FE9DE18F}"
EndProject
Project("{FAE04EC0-301F-11D3-BF4B-00C04F79EFBC}") = "RawImport.Tests", "RawImport.Tests\RawImport.Tests.csproj", "{454EC597-CF1E-4C24-85A9-0C9413F22474}"
EndProject
Project("{FAE04EC0-301F-11D3-BF4B-00C04F79EFBC}") = "Data.Tests", "Data.Tests\Data.Tests.csproj", "{C01870FC-D877-4CD2-9E6A-48158A7DCAC8}"
EndProject
Project("{FAE04EC0-301F-11D3-BF4B-00C04F79EFBC}") = "Web.IntegrationTests", "Web.IntegrationTests\Web.IntegrationTests.csproj", "{80FB29E8-55E6-4B6E-8EF6-D15D2E395EFE}"
EndProject
Global
	GlobalSection(SolutionConfigurationPlatforms) = preSolution
		Debug|Any CPU = Debug|Any CPU
		Release|Any CPU = Release|Any CPU
	EndGlobalSection
	GlobalSection(ProjectConfigurationPlatforms) = postSolution
		{04BE8F49-6CFC-4C67-B7B8-46C140182753}.Debug|Any CPU.ActiveCfg = Debug|Any CPU
		{04BE8F49-6CFC-4C67-B7B8-46C140182753}.Debug|Any CPU.Build.0 = Debug|Any CPU
		{04BE8F49-6CFC-4C67-B7B8-46C140182753}.Release|Any CPU.ActiveCfg = Release|Any CPU
		{04BE8F49-6CFC-4C67-B7B8-46C140182753}.Release|Any CPU.Build.0 = Release|Any CPU
		{F717B420-547E-4369-8969-1E5FA3D09067}.Debug|Any CPU.ActiveCfg = Debug|Any CPU
		{F717B420-547E-4369-8969-1E5FA3D09067}.Debug|Any CPU.Build.0 = Debug|Any CPU
		{F717B420-547E-4369-8969-1E5FA3D09067}.Release|Any CPU.ActiveCfg = Release|Any CPU
		{F717B420-547E-4369-8969-1E5FA3D09067}.Release|Any CPU.Build.0 = Release|Any CPU
		{1BB404DE-2272-42F1-A71C-9244FE9DE18F}.Debug|Any CPU.ActiveCfg = Debug|Any CPU
		{1BB404DE-2272-42F1-A71C-9244FE9DE18F}.Debug|Any CPU.Build.0 = Debug|Any CPU
		{1BB404DE-2272-42F1-A71C-9244FE9DE18F}.Release|Any CPU.ActiveCfg = Release|Any CPU
		{1BB404DE-2272-42F1-A71C-9244FE9DE18F}.Release|Any CPU.Build.0 = Release|Any CPU
		{454EC597-CF1E-4C24-85A9-0C9413F22474}.Debug|Any CPU.ActiveCfg = Debug|Any CPU
		{454EC597-CF1E-4C24-85A9-0C9413F22474}.Debug|Any CPU.Build.0 = Debug|Any CPU
		{454EC597-CF1E-4C24-85A9-0C9413F22474}.Release|Any CPU.ActiveCfg = Release|Any CPU
		{454EC597-CF1E-4C24-85A9-0C9413F22474}.Release|Any CPU.Build.0 = Release|Any CPU
		{C01870FC-D877-4CD2-9E6A-48158A7DCAC8}.Debug|Any CPU.ActiveCfg = Debug|Any CPU
		{C01870FC-D877-4CD2-9E6A-48158A7DCAC8}.Debug|Any CPU.Build.0 = Debug|Any CPU
		{C01870FC-D877-4CD2-9E6A-48158A7DCAC8}.Release|Any CPU.ActiveCfg = Release|Any CPU
		{C01870FC-D877-4CD2-9E6A-48158A7DCAC8}.Release|Any CPU.Build.0 = Release|Any CPU
		{80FB29E8-55E6-4B6E-8EF6-D15D2E395EFE}.Debug|Any CPU.ActiveCfg = Debug|Any CPU
		{80FB29E8-55E6-4B6E-8EF6-D15D2E395EFE}.Debug|Any CPU.Build.0 = Debug|Any CPU
		{80FB29E8-55E6-4B6E-8EF6-D15D2E395EFE}.Release|Any CPU.ActiveCfg = Release|Any CPU
		{80FB29E8-55E6-4B6E-8EF6-D15D2E395EFE}.Release|Any CPU.Build.0 = Release|Any CPU
	EndGlobalSection
	GlobalSection(SolutionProperties) = preSolution
		HideSolutionNode = FALSE
	EndGlobalSection
EndGlobal
